
Microsoft Visual Studio Solution File, Format Version 11.00
# Visual Studio 2010
Project("{FAE04EC0-301F-11D3-BF4B-00C04F79EFBC}") = "CalcExample.NET40", "CalcExample-UsingLoycLibs\CalcExample.NET40.csproj", "{9D67B30F-E6D8-47AB-A1ED-B091B9AD6988}"
EndProject
Project("{FAE04EC0-301F-11D3-BF4B-00C04F79EFBC}") = "CalcExample-Standalone.NET40", "CalcExample-Standalone\CalcExample-Standalone.NET40.csproj", "{03B6304E-FF66-4468-A7E0-92AA6E543E99}"
EndProject
Project("{FAE04EC0-301F-11D3-BF4B-00C04F79EFBC}") = "CalcExample-LoycTrees.NET40", "CalcExample-UsingLoycTrees\CalcExample-LoycTrees.NET40.csproj", "{DC8C2059-EC43-4A79-96CA-A90F86545BE8}"
EndProject
Project("{FAE04EC0-301F-11D3-BF4B-00C04F79EFBC}") = "TryEcsParser.NET40", "EnhancedC#Parser\TryEcsParser.NET40.csproj", "{245A0392-2D46-42DE-A2E6-42A5454DE2F2}"
EndProject
Global
	GlobalSection(SolutionConfigurationPlatforms) = preSolution
		Debug|x86 = Debug|x86
		Release|x86 = Release|x86
	EndGlobalSection
	GlobalSection(ProjectConfigurationPlatforms) = postSolution
		{9D67B30F-E6D8-47AB-A1ED-B091B9AD6988}.Debug|x86.ActiveCfg = Debug|x86
		{9D67B30F-E6D8-47AB-A1ED-B091B9AD6988}.Debug|x86.Build.0 = Debug|x86
		{9D67B30F-E6D8-47AB-A1ED-B091B9AD6988}.Release|x86.ActiveCfg = Release|x86
		{9D67B30F-E6D8-47AB-A1ED-B091B9AD6988}.Release|x86.Build.0 = Release|x86
		{03B6304E-FF66-4468-A7E0-92AA6E543E99}.Debug|x86.ActiveCfg = Debug|x86
		{03B6304E-FF66-4468-A7E0-92AA6E543E99}.Debug|x86.Build.0 = Debug|x86
		{03B6304E-FF66-4468-A7E0-92AA6E543E99}.Release|x86.ActiveCfg = Release|x86
		{03B6304E-FF66-4468-A7E0-92AA6E543E99}.Release|x86.Build.0 = Release|x86
		{DC8C2059-EC43-4A79-96CA-A90F86545BE8}.Debug|x86.ActiveCfg = Debug|x86
		{DC8C2059-EC43-4A79-96CA-A90F86545BE8}.Debug|x86.Build.0 = Debug|x86
		{DC8C2059-EC43-4A79-96CA-A90F86545BE8}.Release|x86.ActiveCfg = Release|x86
		{DC8C2059-EC43-4A79-96CA-A90F86545BE8}.Release|x86.Build.0 = Release|x86
		{245A0392-2D46-42DE-A2E6-42A5454DE2F2}.Debug|x86.ActiveCfg = Debug|x86
		{245A0392-2D46-42DE-A2E6-42A5454DE2F2}.Debug|x86.Build.0 = Debug|x86
		{245A0392-2D46-42DE-A2E6-42A5454DE2F2}.Release|x86.ActiveCfg = Release|x86
		{245A0392-2D46-42DE-A2E6-42A5454DE2F2}.Release|x86.Build.0 = Release|x86
	EndGlobalSection
	GlobalSection(SolutionProperties) = preSolution
		HideSolutionNode = FALSE
	EndGlobalSection
EndGlobal
